// !$*UTF8*$!
{
	archiveVersion = 1;
	classes = {
	};
	objectVersion = 56;
	objects = {

/* Begin PBXBuildFile section */
		0E846F502F8701446BF88EA2 /* StyleDictionary.swift in Sources */ = {isa = PBXBuildFile; fileRef = 0B5461854275B743212BCA89 /* StyleDictionary.swift */; };
		7B50BCFC2AB55A07005B1B40 /* Inter-Regular.ttf in Resources */ = {isa = PBXBuildFile; fileRef = 7B50BCFB2AB55A07005B1B40 /* Inter-Regular.ttf */; };
		7B50BCFD2AB55A0D005B1B40 /* Inter-Bold.ttf in Resources */ = {isa = PBXBuildFile; fileRef = 7B50BCFA2AB559FD005B1B40 /* Inter-Bold.ttf */; };
		7B50BCFE2AB55A10005B1B40 /* Cormorant-Regular.ttf in Resources */ = {isa = PBXBuildFile; fileRef = 7B50BCF92AB559ED005B1B40 /* Cormorant-Regular.ttf */; };
		7B50BCFF2AB55A12005B1B40 /* Cormorant-Bold.ttf in Resources */ = {isa = PBXBuildFile; fileRef = 7B50BCF82AB559E4005B1B40 /* Cormorant-Bold.ttf */; };
		7B98E1C32AB440A200BFC216 /* Tokens.swift in Sources */ = {isa = PBXBuildFile; fileRef = 7B98E1C22AB440A200BFC216 /* Tokens.swift */; };
		7B98E1C52AB528B500BFC216 /* TokenShadow.swift in Sources */ = {isa = PBXBuildFile; fileRef = 7B98E1C42AB528B500BFC216 /* TokenShadow.swift */; };
		7B98E1C72AB5298200BFC216 /* TokenTypo.swift in Sources */ = {isa = PBXBuildFile; fileRef = 7B98E1C62AB5298200BFC216 /* TokenTypo.swift */; };
		7B98E1C92AB52B4200BFC216 /* TokenBorder.swift in Sources */ = {isa = PBXBuildFile; fileRef = 7B98E1C82AB52B4200BFC216 /* TokenBorder.swift */; };
		7BDEA87F2AB2A82400D62FDD /* AppDelegate.swift in Sources */ = {isa = PBXBuildFile; fileRef = 7BDEA87E2AB2A82400D62FDD /* AppDelegate.swift */; };
		7BDEA8812AB2A82400D62FDD /* SceneDelegate.swift in Sources */ = {isa = PBXBuildFile; fileRef = 7BDEA8802AB2A82400D62FDD /* SceneDelegate.swift */; };
		7BDEA8832AB2A82400D62FDD /* ViewController.swift in Sources */ = {isa = PBXBuildFile; fileRef = 7BDEA8822AB2A82400D62FDD /* ViewController.swift */; };
		7BDEA8862AB2A82400D62FDD /* Main.storyboard in Resources */ = {isa = PBXBuildFile; fileRef = 7BDEA8842AB2A82400D62FDD /* Main.storyboard */; };
		7BDEA8882AB2A82500D62FDD /* Assets.xcassets in Resources */ = {isa = PBXBuildFile; fileRef = 7BDEA8872AB2A82500D62FDD /* Assets.xcassets */; };
		7BDEA88B2AB2A82500D62FDD /* LaunchScreen.storyboard in Resources */ = {isa = PBXBuildFile; fileRef = 7BDEA8892AB2A82500D62FDD /* LaunchScreen.storyboard */; };
		7BDEA8962AB2A82500D62FDD /* FigmaTokensTests.swift in Sources */ = {isa = PBXBuildFile; fileRef = 7BDEA8952AB2A82500D62FDD /* FigmaTokensTests.swift */; };
		7BDEA8A02AB2A82500D62FDD /* FigmaTokensUITests.swift in Sources */ = {isa = PBXBuildFile; fileRef = 7BDEA89F2AB2A82500D62FDD /* FigmaTokensUITests.swift */; };
		7BDEA8A22AB2A82500D62FDD /* FigmaTokensUITestsLaunchTests.swift in Sources */ = {isa = PBXBuildFile; fileRef = 7BDEA8A12AB2A82500D62FDD /* FigmaTokensUITestsLaunchTests.swift */; };
		9E6707DBDD83AF1555F8B41B /* StyleDictionary.swift in Sources */ = {isa = PBXBuildFile; fileRef = D533F780000CA3A02ABE3E6F /* StyleDictionary.swift */; };
		9F50153D3EDA9477A3BFE554 /* StyleDictionary.swift in Sources */ = {isa = PBXBuildFile; fileRef = 8B5E90856A6B5ED57323CA57 /* StyleDictionary.swift */; };
/* End PBXBuildFile section */

/* Begin PBXContainerItemProxy section */
		7BDEA8922AB2A82500D62FDD /* PBXContainerItemProxy */ = {
			isa = PBXContainerItemProxy;
			containerPortal = 7BDEA8732AB2A82400D62FDD /* Project object */;
			proxyType = 1;
			remoteGlobalIDString = 7BDEA87A2AB2A82400D62FDD;
			remoteInfo = FigmaTokens;
		};
		7BDEA89C2AB2A82500D62FDD /* PBXContainerItemProxy */ = {
			isa = PBXContainerItemProxy;
			containerPortal = 7BDEA8732AB2A82400D62FDD /* Project object */;
			proxyType = 1;
			remoteGlobalIDString = 7BDEA87A2AB2A82400D62FDD;
			remoteInfo = FigmaTokens;
		};
/* End PBXContainerItemProxy section */

/* Begin PBXFileReference section */
		0B5461854275B743212BCA89 /* StyleDictionary.swift */ = {isa = PBXFileReference; includeInIndex = 1; lastKnownFileType = sourcecode.swift; path = StyleDictionary.swift; sourceTree = "<group>"; };
		7B50BCF82AB559E4005B1B40 /* Cormorant-Bold.ttf */ = {isa = PBXFileReference; lastKnownFileType = file; path = "Cormorant-Bold.ttf"; sourceTree = "<group>"; };
		7B50BCF92AB559ED005B1B40 /* Cormorant-Regular.ttf */ = {isa = PBXFileReference; lastKnownFileType = file; path = "Cormorant-Regular.ttf"; sourceTree = "<group>"; };
		7B50BCFA2AB559FD005B1B40 /* Inter-Bold.ttf */ = {isa = PBXFileReference; lastKnownFileType = file; path = "Inter-Bold.ttf"; sourceTree = "<group>"; };
		7B50BCFB2AB55A07005B1B40 /* Inter-Regular.ttf */ = {isa = PBXFileReference; lastKnownFileType = file; path = "Inter-Regular.ttf"; sourceTree = "<group>"; };
		7B98E1C22AB440A200BFC216 /* Tokens.swift */ = {isa = PBXFileReference; lastKnownFileType = sourcecode.swift; path = Tokens.swift; sourceTree = "<group>"; };
		7B98E1C42AB528B500BFC216 /* TokenShadow.swift */ = {isa = PBXFileReference; lastKnownFileType = sourcecode.swift; path = TokenShadow.swift; sourceTree = "<group>"; };
		7B98E1C62AB5298200BFC216 /* TokenTypo.swift */ = {isa = PBXFileReference; lastKnownFileType = sourcecode.swift; path = TokenTypo.swift; sourceTree = "<group>"; };
		7B98E1C82AB52B4200BFC216 /* TokenBorder.swift */ = {isa = PBXFileReference; lastKnownFileType = sourcecode.swift; path = TokenBorder.swift; sourceTree = "<group>"; };
		7BDEA87B2AB2A82400D62FDD /* FigmaTokens.app */ = {isa = PBXFileReference; explicitFileType = wrapper.application; includeInIndex = 0; path = FigmaTokens.app; sourceTree = BUILT_PRODUCTS_DIR; };
		7BDEA87E2AB2A82400D62FDD /* AppDelegate.swift */ = {isa = PBXFileReference; lastKnownFileType = sourcecode.swift; path = AppDelegate.swift; sourceTree = "<group>"; };
		7BDEA8802AB2A82400D62FDD /* SceneDelegate.swift */ = {isa = PBXFileReference; lastKnownFileType = sourcecode.swift; path = SceneDelegate.swift; sourceTree = "<group>"; };
		7BDEA8822AB2A82400D62FDD /* ViewController.swift */ = {isa = PBXFileReference; lastKnownFileType = sourcecode.swift; path = ViewController.swift; sourceTree = "<group>"; };
		7BDEA8852AB2A82400D62FDD /* Base */ = {isa = PBXFileReference; lastKnownFileType = file.storyboard; name = Base; path = Base.lproj/Main.storyboard; sourceTree = "<group>"; };
		7BDEA8872AB2A82500D62FDD /* Assets.xcassets */ = {isa = PBXFileReference; lastKnownFileType = folder.assetcatalog; path = Assets.xcassets; sourceTree = "<group>"; };
		7BDEA88A2AB2A82500D62FDD /* Base */ = {isa = PBXFileReference; lastKnownFileType = file.storyboard; name = Base; path = Base.lproj/LaunchScreen.storyboard; sourceTree = "<group>"; };
		7BDEA88C2AB2A82500D62FDD /* Info.plist */ = {isa = PBXFileReference; lastKnownFileType = text.plist.xml; path = Info.plist; sourceTree = "<group>"; };
		7BDEA8912AB2A82500D62FDD /* FigmaTokensTests.xctest */ = {isa = PBXFileReference; explicitFileType = wrapper.cfbundle; includeInIndex = 0; path = FigmaTokensTests.xctest; sourceTree = BUILT_PRODUCTS_DIR; };
		7BDEA8952AB2A82500D62FDD /* FigmaTokensTests.swift */ = {isa = PBXFileReference; lastKnownFileType = sourcecode.swift; path = FigmaTokensTests.swift; sourceTree = "<group>"; };
		7BDEA89B2AB2A82500D62FDD /* FigmaTokensUITests.xctest */ = {isa = PBXFileReference; explicitFileType = wrapper.cfbundle; includeInIndex = 0; path = FigmaTokensUITests.xctest; sourceTree = BUILT_PRODUCTS_DIR; };
		7BDEA89F2AB2A82500D62FDD /* FigmaTokensUITests.swift */ = {isa = PBXFileReference; lastKnownFileType = sourcecode.swift; path = FigmaTokensUITests.swift; sourceTree = "<group>"; };
		7BDEA8A12AB2A82500D62FDD /* FigmaTokensUITestsLaunchTests.swift */ = {isa = PBXFileReference; lastKnownFileType = sourcecode.swift; path = FigmaTokensUITestsLaunchTests.swift; sourceTree = "<group>"; };
		8B5E90856A6B5ED57323CA57 /* StyleDictionary.swift */ = {isa = PBXFileReference; includeInIndex = 1; lastKnownFileType = sourcecode.swift; path = StyleDictionary.swift; sourceTree = "<group>"; };
		D533F780000CA3A02ABE3E6F /* StyleDictionary.swift */ = {isa = PBXFileReference; includeInIndex = 1; lastKnownFileType = sourcecode.swift; path = StyleDictionary.swift; sourceTree = "<group>"; };
/* End PBXFileReference section */

/* Begin PBXFrameworksBuildPhase section */
		7BDEA8782AB2A82400D62FDD /* Frameworks */ = {
			isa = PBXFrameworksBuildPhase;
			buildActionMask = 2147483647;
			files = (
			);
			runOnlyForDeploymentPostprocessing = 0;
		};
		7BDEA88E2AB2A82500D62FDD /* Frameworks */ = {
			isa = PBXFrameworksBuildPhase;
			buildActionMask = 2147483647;
			files = (
			);
			runOnlyForDeploymentPostprocessing = 0;
		};
		7BDEA8982AB2A82500D62FDD /* Frameworks */ = {
			isa = PBXFrameworksBuildPhase;
			buildActionMask = 2147483647;
			files = (
			);
			runOnlyForDeploymentPostprocessing = 0;
		};
/* End PBXFrameworksBuildPhase section */

/* Begin PBXGroup section */
		7B50BCEE2AB55039005B1B40 /* Components */ = {
			isa = PBXGroup;
			children = (
				0B5461854275B743212BCA89 /* StyleDictionary.swift */,
				8B5E90856A6B5ED57323CA57 /* StyleDictionary.swift */,
				D533F780000CA3A02ABE3E6F /* StyleDictionary.swift */,
			);
			path = Components;
			sourceTree = "<group>";
		};
		7B50BCF72AB559CA005B1B40 /* Fonts */ = {
			isa = PBXGroup;
			children = (
				7B50BCFB2AB55A07005B1B40 /* Inter-Regular.ttf */,
				7B50BCFA2AB559FD005B1B40 /* Inter-Bold.ttf */,
				7B50BCF92AB559ED005B1B40 /* Cormorant-Regular.ttf */,
				7B50BCF82AB559E4005B1B40 /* Cormorant-Bold.ttf */,
			);
			path = Fonts;
			sourceTree = "<group>";
		};
		7B98E1AF2AB402D000BFC216 /* Apps */ = {
			isa = PBXGroup;
			children = (
				7BDEA87E2AB2A82400D62FDD /* AppDelegate.swift */,
				7BDEA8802AB2A82400D62FDD /* SceneDelegate.swift */,
			);
			path = Apps;
			sourceTree = "<group>";
		};
		7B98E1B02AB402E000BFC216 /* Views */ = {
			isa = PBXGroup;
			children = (
				7BDEA8822AB2A82400D62FDD /* ViewController.swift */,
			);
			path = Views;
			sourceTree = "<group>";
		};
		7B98E1B12AB402EA00BFC216 /* Storyboard */ = {
			isa = PBXGroup;
			children = (
				7BDEA8892AB2A82500D62FDD /* LaunchScreen.storyboard */,
				7BDEA8842AB2A82400D62FDD /* Main.storyboard */,
			);
			path = Storyboard;
			sourceTree = "<group>";
		};
		7B98E1B22AB4032C00BFC216 /* Tokens */ = {
			isa = PBXGroup;
			children = (
				7B98E1C22AB440A200BFC216 /* Tokens.swift */,
				7B98E1C42AB528B500BFC216 /* TokenShadow.swift */,
				7B98E1C62AB5298200BFC216 /* TokenTypo.swift */,
				7B98E1C82AB52B4200BFC216 /* TokenBorder.swift */,
			);
			path = Tokens;
			sourceTree = "<group>";
		};
		7BDEA8722AB2A82400D62FDD = {
			isa = PBXGroup;
			children = (
				7BDEA87D2AB2A82400D62FDD /* FigmaTokens */,
				7BDEA8942AB2A82500D62FDD /* FigmaTokensTests */,
				7BDEA89E2AB2A82500D62FDD /* FigmaTokensUITests */,
				7BDEA87C2AB2A82400D62FDD /* Products */,
			);
			sourceTree = "<group>";
		};
		7BDEA87C2AB2A82400D62FDD /* Products */ = {
			isa = PBXGroup;
			children = (
				7BDEA87B2AB2A82400D62FDD /* FigmaTokens.app */,
				7BDEA8912AB2A82500D62FDD /* FigmaTokensTests.xctest */,
				7BDEA89B2AB2A82500D62FDD /* FigmaTokensUITests.xctest */,
			);
			name = Products;
			sourceTree = "<group>";
		};
		7BDEA87D2AB2A82400D62FDD /* FigmaTokens */ = {
			isa = PBXGroup;
			children = (
				7B50BCF72AB559CA005B1B40 /* Fonts */,
				7B50BCEE2AB55039005B1B40 /* Components */,
				7B98E1B22AB4032C00BFC216 /* Tokens */,
				7B98E1B12AB402EA00BFC216 /* Storyboard */,
				7B98E1B02AB402E000BFC216 /* Views */,
				7B98E1AF2AB402D000BFC216 /* Apps */,
				7BDEA8872AB2A82500D62FDD /* Assets.xcassets */,
				7BDEA88C2AB2A82500D62FDD /* Info.plist */,
			);
			path = FigmaTokens;
			sourceTree = "<group>";
		};
		7BDEA8942AB2A82500D62FDD /* FigmaTokensTests */ = {
			isa = PBXGroup;
			children = (
				7BDEA8952AB2A82500D62FDD /* FigmaTokensTests.swift */,
			);
			path = FigmaTokensTests;
			sourceTree = "<group>";
		};
		7BDEA89E2AB2A82500D62FDD /* FigmaTokensUITests */ = {
			isa = PBXGroup;
			children = (
				7BDEA89F2AB2A82500D62FDD /* FigmaTokensUITests.swift */,
				7BDEA8A12AB2A82500D62FDD /* FigmaTokensUITestsLaunchTests.swift */,
			);
			path = FigmaTokensUITests;
			sourceTree = "<group>";
		};
/* End PBXGroup section */

/* Begin PBXNativeTarget section */
		7BDEA87A2AB2A82400D62FDD /* FigmaTokens */ = {
			isa = PBXNativeTarget;
			buildConfigurationList = 7BDEA8A52AB2A82500D62FDD /* Build configuration list for PBXNativeTarget "FigmaTokens" */;
			buildPhases = (
				7BDEA8772AB2A82400D62FDD /* Sources */,
				7BDEA8782AB2A82400D62FDD /* Frameworks */,
				7BDEA8792AB2A82400D62FDD /* Resources */,
			);
			buildRules = (
			);
			dependencies = (
			);
			name = FigmaTokens;
			productName = FigmaTokens;
			productReference = 7BDEA87B2AB2A82400D62FDD /* FigmaTokens.app */;
			productType = "com.apple.product-type.application";
		};
		7BDEA8902AB2A82500D62FDD /* FigmaTokensTests */ = {
			isa = PBXNativeTarget;
			buildConfigurationList = 7BDEA8A82AB2A82500D62FDD /* Build configuration list for PBXNativeTarget "FigmaTokensTests" */;
			buildPhases = (
				7BDEA88D2AB2A82500D62FDD /* Sources */,
				7BDEA88E2AB2A82500D62FDD /* Frameworks */,
				7BDEA88F2AB2A82500D62FDD /* Resources */,
			);
			buildRules = (
			);
			dependencies = (
				7BDEA8932AB2A82500D62FDD /* PBXTargetDependency */,
			);
			name = FigmaTokensTests;
			productName = FigmaTokensTests;
			productReference = 7BDEA8912AB2A82500D62FDD /* FigmaTokensTests.xctest */;
			productType = "com.apple.product-type.bundle.unit-test";
		};
		7BDEA89A2AB2A82500D62FDD /* FigmaTokensUITests */ = {
			isa = PBXNativeTarget;
			buildConfigurationList = 7BDEA8AB2AB2A82500D62FDD /* Build configuration list for PBXNativeTarget "FigmaTokensUITests" */;
			buildPhases = (
				7BDEA8972AB2A82500D62FDD /* Sources */,
				7BDEA8982AB2A82500D62FDD /* Frameworks */,
				7BDEA8992AB2A82500D62FDD /* Resources */,
			);
			buildRules = (
			);
			dependencies = (
				7BDEA89D2AB2A82500D62FDD /* PBXTargetDependency */,
			);
			name = FigmaTokensUITests;
			productName = FigmaTokensUITests;
			productReference = 7BDEA89B2AB2A82500D62FDD /* FigmaTokensUITests.xctest */;
			productType = "com.apple.product-type.bundle.ui-testing";
		};
/* End PBXNativeTarget section */

/* Begin PBXProject section */
		7BDEA8732AB2A82400D62FDD /* Project object */ = {
			isa = PBXProject;
			attributes = {
				BuildIndependentTargetsInParallel = 1;
				LastSwiftUpdateCheck = 1430;
				LastUpgradeCheck = 1430;
				TargetAttributes = {
					7BDEA87A2AB2A82400D62FDD = {
						CreatedOnToolsVersion = 14.3.1;
					};
					7BDEA8902AB2A82500D62FDD = {
						CreatedOnToolsVersion = 14.3.1;
						TestTargetID = 7BDEA87A2AB2A82400D62FDD;
					};
					7BDEA89A2AB2A82500D62FDD = {
						CreatedOnToolsVersion = 14.3.1;
						TestTargetID = 7BDEA87A2AB2A82400D62FDD;
					};
				};
			};
			buildConfigurationList = 7BDEA8762AB2A82400D62FDD /* Build configuration list for PBXProject "FigmaTokens" */;
			compatibilityVersion = "Xcode 14.0";
			developmentRegion = en;
			hasScannedForEncodings = 0;
			knownRegions = (
				en,
				Base,
			);
			mainGroup = 7BDEA8722AB2A82400D62FDD;
			productRefGroup = 7BDEA87C2AB2A82400D62FDD /* Products */;
			projectDirPath = "";
			projectRoot = "";
			targets = (
				7BDEA87A2AB2A82400D62FDD /* FigmaTokens */,
				7BDEA8902AB2A82500D62FDD /* FigmaTokensTests */,
				7BDEA89A2AB2A82500D62FDD /* FigmaTokensUITests */,
			);
		};
/* End PBXProject section */

/* Begin PBXResourcesBuildPhase section */
		7BDEA8792AB2A82400D62FDD /* Resources */ = {
			isa = PBXResourcesBuildPhase;
			buildActionMask = 2147483647;
			files = (
				7BDEA88B2AB2A82500D62FDD /* LaunchScreen.storyboard in Resources */,
				7B50BCFD2AB55A0D005B1B40 /* Inter-Bold.ttf in Resources */,
				7BDEA8882AB2A82500D62FDD /* Assets.xcassets in Resources */,
				7B50BCFE2AB55A10005B1B40 /* Cormorant-Regular.ttf in Resources */,
				7B50BCFC2AB55A07005B1B40 /* Inter-Regular.ttf in Resources */,
				7B50BCFF2AB55A12005B1B40 /* Cormorant-Bold.ttf in Resources */,
				7BDEA8862AB2A82400D62FDD /* Main.storyboard in Resources */,
			);
			runOnlyForDeploymentPostprocessing = 0;
		};
		7BDEA88F2AB2A82500D62FDD /* Resources */ = {
			isa = PBXResourcesBuildPhase;
			buildActionMask = 2147483647;
			files = (
			);
			runOnlyForDeploymentPostprocessing = 0;
		};
		7BDEA8992AB2A82500D62FDD /* Resources */ = {
			isa = PBXResourcesBuildPhase;
			buildActionMask = 2147483647;
			files = (
			);
			runOnlyForDeploymentPostprocessing = 0;
		};
/* End PBXResourcesBuildPhase section */

/* Begin PBXSourcesBuildPhase section */
		7BDEA8772AB2A82400D62FDD /* Sources */ = {
			isa = PBXSourcesBuildPhase;
			buildActionMask = 2147483647;
			files = (
				7B98E1C52AB528B500BFC216 /* TokenShadow.swift in Sources */,
				7BDEA8832AB2A82400D62FDD /* ViewController.swift in Sources */,
				7BDEA87F2AB2A82400D62FDD /* AppDelegate.swift in Sources */,
				7B98E1C72AB5298200BFC216 /* TokenTypo.swift in Sources */,
				7B98E1C92AB52B4200BFC216 /* TokenBorder.swift in Sources */,
				7BDEA8812AB2A82400D62FDD /* SceneDelegate.swift in Sources */,
				7B98E1C32AB440A200BFC216 /* Tokens.swift in Sources */,
				0E846F502F8701446BF88EA2 /* StyleDictionary.swift in Sources */,
				9F50153D3EDA9477A3BFE554 /* StyleDictionary.swift in Sources */,
				9E6707DBDD83AF1555F8B41B /* StyleDictionary.swift in Sources */,
			);
			runOnlyForDeploymentPostprocessing = 0;
		};
		7BDEA88D2AB2A82500D62FDD /* Sources */ = {
			isa = PBXSourcesBuildPhase;
			buildActionMask = 2147483647;
			files = (
				7BDEA8962AB2A82500D62FDD /* FigmaTokensTests.swift in Sources */,
			);
			runOnlyForDeploymentPostprocessing = 0;
		};
		7BDEA8972AB2A82500D62FDD /* Sources */ = {
			isa = PBXSourcesBuildPhase;
			buildActionMask = 2147483647;
			files = (
				7BDEA8A02AB2A82500D62FDD /* FigmaTokensUITests.swift in Sources */,
				7BDEA8A22AB2A82500D62FDD /* FigmaTokensUITestsLaunchTests.swift in Sources */,
			);
			runOnlyForDeploymentPostprocessing = 0;
		};
/* End PBXSourcesBuildPhase section */

/* Begin PBXTargetDependency section */
		7BDEA8932AB2A82500D62FDD /* PBXTargetDependency */ = {
			isa = PBXTargetDependency;
			target = 7BDEA87A2AB2A82400D62FDD /* FigmaTokens */;
			targetProxy = 7BDEA8922AB2A82500D62FDD /* PBXContainerItemProxy */;
		};
		7BDEA89D2AB2A82500D62FDD /* PBXTargetDependency */ = {
			isa = PBXTargetDependency;
			target = 7BDEA87A2AB2A82400D62FDD /* FigmaTokens */;
			targetProxy = 7BDEA89C2AB2A82500D62FDD /* PBXContainerItemProxy */;
		};
/* End PBXTargetDependency section */

/* Begin PBXVariantGroup section */
		7BDEA8842AB2A82400D62FDD /* Main.storyboard */ = {
			isa = PBXVariantGroup;
			children = (
				7BDEA8852AB2A82400D62FDD /* Base */,
			);
			name = Main.storyboard;
			sourceTree = "<group>";
		};
		7BDEA8892AB2A82500D62FDD /* LaunchScreen.storyboard */ = {
			isa = PBXVariantGroup;
			children = (
				7BDEA88A2AB2A82500D62FDD /* Base */,
			);
			name = LaunchScreen.storyboard;
			sourceTree = "<group>";
		};
/* End PBXVariantGroup section */

/* Begin XCBuildConfiguration section */
		7BDEA8A32AB2A82500D62FDD /* Debug */ = {
			isa = XCBuildConfiguration;
			buildSettings = {
				ALWAYS_SEARCH_USER_PATHS = NO;
				CLANG_ANALYZER_NONNULL = YES;
				CLANG_ANALYZER_NUMBER_OBJECT_CONVERSION = YES_AGGRESSIVE;
				CLANG_CXX_LANGUAGE_STANDARD = "gnu++20";
				CLANG_ENABLE_MODULES = YES;
				CLANG_ENABLE_OBJC_ARC = YES;
				CLANG_ENABLE_OBJC_WEAK = YES;
				CLANG_WARN_BLOCK_CAPTURE_AUTORELEASING = YES;
				CLANG_WARN_BOOL_CONVERSION = YES;
				CLANG_WARN_COMMA = YES;
				CLANG_WARN_CONSTANT_CONVERSION = YES;
				CLANG_WARN_DEPRECATED_OBJC_IMPLEMENTATIONS = YES;
				CLANG_WARN_DIRECT_OBJC_ISA_USAGE = YES_ERROR;
				CLANG_WARN_DOCUMENTATION_COMMENTS = YES;
				CLANG_WARN_EMPTY_BODY = YES;
				CLANG_WARN_ENUM_CONVERSION = YES;
				CLANG_WARN_INFINITE_RECURSION = YES;
				CLANG_WARN_INT_CONVERSION = YES;
				CLANG_WARN_NON_LITERAL_NULL_CONVERSION = YES;
				CLANG_WARN_OBJC_IMPLICIT_RETAIN_SELF = YES;
				CLANG_WARN_OBJC_LITERAL_CONVERSION = YES;
				CLANG_WARN_OBJC_ROOT_CLASS = YES_ERROR;
				CLANG_WARN_QUOTED_INCLUDE_IN_FRAMEWORK_HEADER = YES;
				CLANG_WARN_RANGE_LOOP_ANALYSIS = YES;
				CLANG_WARN_STRICT_PROTOTYPES = YES;
				CLANG_WARN_SUSPICIOUS_MOVE = YES;
				CLANG_WARN_UNGUARDED_AVAILABILITY = YES_AGGRESSIVE;
				CLANG_WARN_UNREACHABLE_CODE = YES;
				CLANG_WARN__DUPLICATE_METHOD_MATCH = YES;
				COPY_PHASE_STRIP = NO;
				DEBUG_INFORMATION_FORMAT = dwarf;
				ENABLE_STRICT_OBJC_MSGSEND = YES;
				ENABLE_TESTABILITY = YES;
				GCC_C_LANGUAGE_STANDARD = gnu11;
				GCC_DYNAMIC_NO_PIC = NO;
				GCC_NO_COMMON_BLOCKS = YES;
				GCC_OPTIMIZATION_LEVEL = 0;
				GCC_PREPROCESSOR_DEFINITIONS = (
					"DEBUG=1",
					"$(inherited)",
				);
				GCC_WARN_64_TO_32_BIT_CONVERSION = YES;
				GCC_WARN_ABOUT_RETURN_TYPE = YES_ERROR;
				GCC_WARN_UNDECLARED_SELECTOR = YES;
				GCC_WARN_UNINITIALIZED_AUTOS = YES_AGGRESSIVE;
				GCC_WARN_UNUSED_FUNCTION = YES;
				GCC_WARN_UNUSED_VARIABLE = YES;
				IPHONEOS_DEPLOYMENT_TARGET = 16.4;
				MTL_ENABLE_DEBUG_INFO = INCLUDE_SOURCE;
				MTL_FAST_MATH = YES;
				ONLY_ACTIVE_ARCH = YES;
				SDKROOT = iphoneos;
				SWIFT_ACTIVE_COMPILATION_CONDITIONS = DEBUG;
				SWIFT_OPTIMIZATION_LEVEL = "-Onone";
			};
			name = Debug;
		};
		7BDEA8A42AB2A82500D62FDD /* Release */ = {
			isa = XCBuildConfiguration;
			buildSettings = {
				ALWAYS_SEARCH_USER_PATHS = NO;
				CLANG_ANALYZER_NONNULL = YES;
				CLANG_ANALYZER_NUMBER_OBJECT_CONVERSION = YES_AGGRESSIVE;
				CLANG_CXX_LANGUAGE_STANDARD = "gnu++20";
				CLANG_ENABLE_MODULES = YES;
				CLANG_ENABLE_OBJC_ARC = YES;
				CLANG_ENABLE_OBJC_WEAK = YES;
				CLANG_WARN_BLOCK_CAPTURE_AUTORELEASING = YES;
				CLANG_WARN_BOOL_CONVERSION = YES;
				CLANG_WARN_COMMA = YES;
				CLANG_WARN_CONSTANT_CONVERSION = YES;
				CLANG_WARN_DEPRECATED_OBJC_IMPLEMENTATIONS = YES;
				CLANG_WARN_DIRECT_OBJC_ISA_USAGE = YES_ERROR;
				CLANG_WARN_DOCUMENTATION_COMMENTS = YES;
				CLANG_WARN_EMPTY_BODY = YES;
				CLANG_WARN_ENUM_CONVERSION = YES;
				CLANG_WARN_INFINITE_RECURSION = YES;
				CLANG_WARN_INT_CONVERSION = YES;
				CLANG_WARN_NON_LITERAL_NULL_CONVERSION = YES;
				CLANG_WARN_OBJC_IMPLICIT_RETAIN_SELF = YES;
				CLANG_WARN_OBJC_LITERAL_CONVERSION = YES;
				CLANG_WARN_OBJC_ROOT_CLASS = YES_ERROR;
				CLANG_WARN_QUOTED_INCLUDE_IN_FRAMEWORK_HEADER = YES;
				CLANG_WARN_RANGE_LOOP_ANALYSIS = YES;
				CLANG_WARN_STRICT_PROTOTYPES = YES;
				CLANG_WARN_SUSPICIOUS_MOVE = YES;
				CLANG_WARN_UNGUARDED_AVAILABILITY = YES_AGGRESSIVE;
				CLANG_WARN_UNREACHABLE_CODE = YES;
				CLANG_WARN__DUPLICATE_METHOD_MATCH = YES;
				COPY_PHASE_STRIP = NO;
				DEBUG_INFORMATION_FORMAT = "dwarf-with-dsym";
				ENABLE_NS_ASSERTIONS = NO;
				ENABLE_STRICT_OBJC_MSGSEND = YES;
				GCC_C_LANGUAGE_STANDARD = gnu11;
				GCC_NO_COMMON_BLOCKS = YES;
				GCC_WARN_64_TO_32_BIT_CONVERSION = YES;
				GCC_WARN_ABOUT_RETURN_TYPE = YES_ERROR;
				GCC_WARN_UNDECLARED_SELECTOR = YES;
				GCC_WARN_UNINITIALIZED_AUTOS = YES_AGGRESSIVE;
				GCC_WARN_UNUSED_FUNCTION = YES;
				GCC_WARN_UNUSED_VARIABLE = YES;
				IPHONEOS_DEPLOYMENT_TARGET = 16.4;
				MTL_ENABLE_DEBUG_INFO = NO;
				MTL_FAST_MATH = YES;
				SDKROOT = iphoneos;
				SWIFT_COMPILATION_MODE = wholemodule;
				SWIFT_OPTIMIZATION_LEVEL = "-O";
				VALIDATE_PRODUCT = YES;
			};
			name = Release;
		};
		7BDEA8A62AB2A82500D62FDD /* Debug */ = {
			isa = XCBuildConfiguration;
			buildSettings = {
				ASSETCATALOG_COMPILER_APPICON_NAME = AppIcon;
				ASSETCATALOG_COMPILER_GLOBAL_ACCENT_COLOR_NAME = AccentColor;
				CODE_SIGN_STYLE = Automatic;
				CURRENT_PROJECT_VERSION = 1;
				GENERATE_INFOPLIST_FILE = YES;
				INFOPLIST_FILE = FigmaTokens/Info.plist;
				INFOPLIST_KEY_UIApplicationSupportsIndirectInputEvents = YES;
				INFOPLIST_KEY_UILaunchStoryboardName = LaunchScreen;
				INFOPLIST_KEY_UIMainStoryboardFile = Main;
				INFOPLIST_KEY_UISupportedInterfaceOrientations_iPad = "UIInterfaceOrientationPortrait UIInterfaceOrientationPortraitUpsideDown UIInterfaceOrientationLandscapeLeft UIInterfaceOrientationLandscapeRight";
				INFOPLIST_KEY_UISupportedInterfaceOrientations_iPhone = "UIInterfaceOrientationPortrait UIInterfaceOrientationLandscapeLeft UIInterfaceOrientationLandscapeRight";
				LD_RUNPATH_SEARCH_PATHS = (
					"$(inherited)",
					"@executable_path/Frameworks",
				);
				MARKETING_VERSION = 1.0;
				PRODUCT_BUNDLE_IDENTIFIER = com.vinhgv.FigmaTokens;
				PRODUCT_NAME = "$(TARGET_NAME)";
				SWIFT_EMIT_LOC_STRINGS = YES;
				SWIFT_VERSION = 5.0;
				TARGETED_DEVICE_FAMILY = "1,2";
			};
			name = Debug;
		};
		7BDEA8A72AB2A82500D62FDD /* Release */ = {
			isa = XCBuildConfiguration;
			buildSettings = {
				ASSETCATALOG_COMPILER_APPICON_NAME = AppIcon;
				ASSETCATALOG_COMPILER_GLOBAL_ACCENT_COLOR_NAME = AccentColor;
				CODE_SIGN_STYLE = Automatic;
				CURRENT_PROJECT_VERSION = 1;
				GENERATE_INFOPLIST_FILE = YES;
				INFOPLIST_FILE = FigmaTokens/Info.plist;
				INFOPLIST_KEY_UIApplicationSupportsIndirectInputEvents = YES;
				INFOPLIST_KEY_UILaunchStoryboardName = LaunchScreen;
				INFOPLIST_KEY_UIMainStoryboardFile = Main;
				INFOPLIST_KEY_UISupportedInterfaceOrientations_iPad = "UIInterfaceOrientationPortrait UIInterfaceOrientationPortraitUpsideDown UIInterfaceOrientationLandscapeLeft UIInterfaceOrientationLandscapeRight";
				INFOPLIST_KEY_UISupportedInterfaceOrientations_iPhone = "UIInterfaceOrientationPortrait UIInterfaceOrientationLandscapeLeft UIInterfaceOrientationLandscapeRight";
				LD_RUNPATH_SEARCH_PATHS = (
					"$(inherited)",
					"@executable_path/Frameworks",
				);
				MARKETING_VERSION = 1.0;
				PRODUCT_BUNDLE_IDENTIFIER = com.vinhgv.FigmaTokens;
				PRODUCT_NAME = "$(TARGET_NAME)";
				SWIFT_EMIT_LOC_STRINGS = YES;
				SWIFT_VERSION = 5.0;
				TARGETED_DEVICE_FAMILY = "1,2";
			};
			name = Release;
		};
		7BDEA8A92AB2A82500D62FDD /* Debug */ = {
			isa = XCBuildConfiguration;
			buildSettings = {
				ALWAYS_EMBED_SWIFT_STANDARD_LIBRARIES = YES;
				BUNDLE_LOADER = "$(TEST_HOST)";
				CODE_SIGN_STYLE = Automatic;
				CURRENT_PROJECT_VERSION = 1;
				GENERATE_INFOPLIST_FILE = YES;
				IPHONEOS_DEPLOYMENT_TARGET = 16.4;
				MARKETING_VERSION = 1.0;
				PRODUCT_BUNDLE_IDENTIFIER = com.vinhgv.FigmaTokensTests;
				PRODUCT_NAME = "$(TARGET_NAME)";
				SWIFT_EMIT_LOC_STRINGS = NO;
				SWIFT_VERSION = 5.0;
				TARGETED_DEVICE_FAMILY = "1,2";
				TEST_HOST = "$(BUILT_PRODUCTS_DIR)/FigmaTokens.app/$(BUNDLE_EXECUTABLE_FOLDER_PATH)/FigmaTokens";
			};
			name = Debug;
		};
		7BDEA8AA2AB2A82500D62FDD /* Release */ = {
			isa = XCBuildConfiguration;
			buildSettings = {
				ALWAYS_EMBED_SWIFT_STANDARD_LIBRARIES = YES;
				BUNDLE_LOADER = "$(TEST_HOST)";
				CODE_SIGN_STYLE = Automatic;
				CURRENT_PROJECT_VERSION = 1;
				GENERATE_INFOPLIST_FILE = YES;
				IPHONEOS_DEPLOYMENT_TARGET = 16.4;
				MARKETING_VERSION = 1.0;
				PRODUCT_BUNDLE_IDENTIFIER = com.vinhgv.FigmaTokensTests;
				PRODUCT_NAME = "$(TARGET_NAME)";
				SWIFT_EMIT_LOC_STRINGS = NO;
				SWIFT_VERSION = 5.0;
				TARGETED_DEVICE_FAMILY = "1,2";
				TEST_HOST = "$(BUILT_PRODUCTS_DIR)/FigmaTokens.app/$(BUNDLE_EXECUTABLE_FOLDER_PATH)/FigmaTokens";
			};
			name = Release;
		};
		7BDEA8AC2AB2A82500D62FDD /* Debug */ = {
			isa = XCBuildConfiguration;
			buildSettings = {
				ALWAYS_EMBED_SWIFT_STANDARD_LIBRARIES = YES;
				CODE_SIGN_STYLE = Automatic;
				CURRENT_PROJECT_VERSION = 1;
				GENERATE_INFOPLIST_FILE = YES;
				MARKETING_VERSION = 1.0;
				PRODUCT_BUNDLE_IDENTIFIER = com.vinhgv.FigmaTokensUITests;
				PRODUCT_NAME = "$(TARGET_NAME)";
				SWIFT_EMIT_LOC_STRINGS = NO;
				SWIFT_VERSION = 5.0;
				TARGETED_DEVICE_FAMILY = "1,2";
				TEST_TARGET_NAME = FigmaTokens;
			};
			name = Debug;
		};
		7BDEA8AD2AB2A82500D62FDD /* Release */ = {
			isa = XCBuildConfiguration;
			buildSettings = {
				ALWAYS_EMBED_SWIFT_STANDARD_LIBRARIES = YES;
				CODE_SIGN_STYLE = Automatic;
				CURRENT_PROJECT_VERSION = 1;
				GENERATE_INFOPLIST_FILE = YES;
				MARKETING_VERSION = 1.0;
				PRODUCT_BUNDLE_IDENTIFIER = com.vinhgv.FigmaTokensUITests;
				PRODUCT_NAME = "$(TARGET_NAME)";
				SWIFT_EMIT_LOC_STRINGS = NO;
				SWIFT_VERSION = 5.0;
				TARGETED_DEVICE_FAMILY = "1,2";
				TEST_TARGET_NAME = FigmaTokens;
			};
			name = Release;
		};
/* End XCBuildConfiguration section */

/* Begin XCConfigurationList section */
		7BDEA8762AB2A82400D62FDD /* Build configuration list for PBXProject "FigmaTokens" */ = {
			isa = XCConfigurationList;
			buildConfigurations = (
				7BDEA8A32AB2A82500D62FDD /* Debug */,
				7BDEA8A42AB2A82500D62FDD /* Release */,
			);
			defaultConfigurationIsVisible = 0;
			defaultConfigurationName = Release;
		};
		7BDEA8A52AB2A82500D62FDD /* Build configuration list for PBXNativeTarget "FigmaTokens" */ = {
			isa = XCConfigurationList;
			buildConfigurations = (
				7BDEA8A62AB2A82500D62FDD /* Debug */,
				7BDEA8A72AB2A82500D62FDD /* Release */,
			);
			defaultConfigurationIsVisible = 0;
			defaultConfigurationName = Release;
		};
		7BDEA8A82AB2A82500D62FDD /* Build configuration list for PBXNativeTarget "FigmaTokensTests" */ = {
			isa = XCConfigurationList;
			buildConfigurations = (
				7BDEA8A92AB2A82500D62FDD /* Debug */,
				7BDEA8AA2AB2A82500D62FDD /* Release */,
			);
			defaultConfigurationIsVisible = 0;
			defaultConfigurationName = Release;
		};
		7BDEA8AB2AB2A82500D62FDD /* Build configuration list for PBXNativeTarget "FigmaTokensUITests" */ = {
			isa = XCConfigurationList;
			buildConfigurations = (
				7BDEA8AC2AB2A82500D62FDD /* Debug */,
				7BDEA8AD2AB2A82500D62FDD /* Release */,
			);
			defaultConfigurationIsVisible = 0;
			defaultConfigurationName = Release;
		};
/* End XCConfigurationList section */
	};
	rootObject = 7BDEA8732AB2A82400D62FDD /* Project object */;
}
